// !$*UTF8*$!
{
	archiveVersion = 1;
	classes = {
	};
	objectVersion = 48;
	objects = {

/* Begin PBXBuildFile section */
		53255A8520003D9800C23EC4 /* AppDelegate.swift in Sources */ = {isa = PBXBuildFile; fileRef = 53255A8420003D9800C23EC4 /* AppDelegate.swift */; };
		53255A8720003D9800C23EC4 /* ViewController.swift in Sources */ = {isa = PBXBuildFile; fileRef = 53255A8620003D9800C23EC4 /* ViewController.swift */; };
		53255A8A20003D9800C23EC4 /* Main.storyboard in Resources */ = {isa = PBXBuildFile; fileRef = 53255A8820003D9800C23EC4 /* Main.storyboard */; };
		53255A8D20003D9800C23EC4 /* _CoreData.xcdatamodeld in Sources */ = {isa = PBXBuildFile; fileRef = 53255A8B20003D9800C23EC4 /* _CoreData.xcdatamodeld */; };
		53255A8F20003D9800C23EC4 /* Assets.xcassets in Resources */ = {isa = PBXBuildFile; fileRef = 53255A8E20003D9800C23EC4 /* Assets.xcassets */; };
		53255A9220003D9800C23EC4 /* LaunchScreen.storyboard in Resources */ = {isa = PBXBuildFile; fileRef = 53255A9020003D9800C23EC4 /* LaunchScreen.storyboard */; };
		533160B5200055070065A919 /* AddToDoViewController.swift in Sources */ = {isa = PBXBuildFile; fileRef = 533160B4200055070065A919 /* AddToDoViewController.swift */; };
		533160B72000553B0065A919 /* ToDoTableViewController.swift in Sources */ = {isa = PBXBuildFile; fileRef = 533160B62000553B0065A919 /* ToDoTableViewController.swift */; };
		533160B9200070590065A919 /* CoreDataService.swift in Sources */ = {isa = PBXBuildFile; fileRef = 533160B8200070590065A919 /* CoreDataService.swift */; };
		533160BC200074360065A919 /* ToDo+CoreDataClass.swift in Sources */ = {isa = PBXBuildFile; fileRef = 533160BA200074360065A919 /* ToDo+CoreDataClass.swift */; };
		533160BD200074360065A919 /* ToDo+CoreDataProperties.swift in Sources */ = {isa = PBXBuildFile; fileRef = 533160BB200074360065A919 /* ToDo+CoreDataProperties.swift */; };
/* End PBXBuildFile section */

/* Begin PBXFileReference section */
		53255A8120003D9800C23EC4 /*  CoreData.app */ = {isa = PBXFileReference; explicitFileType = wrapper.application; includeInIndex = 0; path = " CoreData.app"; sourceTree = BUILT_PRODUCTS_DIR; };
		53255A8420003D9800C23EC4 /* AppDelegate.swift */ = {isa = PBXFileReference; lastKnownFileType = sourcecode.swift; path = AppDelegate.swift; sourceTree = "<group>"; };
		53255A8620003D9800C23EC4 /* ViewController.swift */ = {isa = PBXFileReference; lastKnownFileType = sourcecode.swift; path = ViewController.swift; sourceTree = "<group>"; };
		53255A8920003D9800C23EC4 /* Base */ = {isa = PBXFileReference; lastKnownFileType = file.storyboard; name = Base; path = Base.lproj/Main.storyboard; sourceTree = "<group>"; };
		53255A8C20003D9800C23EC4 /* _CoreData.xcdatamodel */ = {isa = PBXFileReference; lastKnownFileType = wrapper.xcdatamodel; path = _CoreData.xcdatamodel; sourceTree = "<group>"; };
		53255A8E20003D9800C23EC4 /* Assets.xcassets */ = {isa = PBXFileReference; lastKnownFileType = folder.assetcatalog; path = Assets.xcassets; sourceTree = "<group>"; };
		53255A9120003D9800C23EC4 /* Base */ = {isa = PBXFileReference; lastKnownFileType = file.storyboard; name = Base; path = Base.lproj/LaunchScreen.storyboard; sourceTree = "<group>"; };
		53255A9320003D9800C23EC4 /* Info.plist */ = {isa = PBXFileReference; lastKnownFileType = text.plist.xml; path = Info.plist; sourceTree = "<group>"; };
		533160B4200055070065A919 /* AddToDoViewController.swift */ = {isa = PBXFileReference; lastKnownFileType = sourcecode.swift; path = AddToDoViewController.swift; sourceTree = "<group>"; };
		533160B62000553B0065A919 /* ToDoTableViewController.swift */ = {isa = PBXFileReference; lastKnownFileType = sourcecode.swift; path = ToDoTableViewController.swift; sourceTree = "<group>"; };
		533160B8200070590065A919 /* CoreDataService.swift */ = {isa = PBXFileReference; lastKnownFileType = sourcecode.swift; path = CoreDataService.swift; sourceTree = "<group>"; };
		533160BA200074360065A919 /* ToDo+CoreDataClass.swift */ = {isa = PBXFileReference; lastKnownFileType = sourcecode.swift; path = "ToDo+CoreDataClass.swift"; sourceTree = "<group>"; };
		533160BB200074360065A919 /* ToDo+CoreDataProperties.swift */ = {isa = PBXFileReference; lastKnownFileType = sourcecode.swift; path = "ToDo+CoreDataProperties.swift"; sourceTree = "<group>"; };
/* End PBXFileReference section */

/* Begin PBXFrameworksBuildPhase section */
		53255A7E20003D9800C23EC4 /* Frameworks */ = {
			isa = PBXFrameworksBuildPhase;
			buildActionMask = 2147483647;
			files = (
			);
			runOnlyForDeploymentPostprocessing = 0;
		};
/* End PBXFrameworksBuildPhase section */

/* Begin PBXGroup section */
		53255A7820003D9800C23EC4 = {
			isa = PBXGroup;
			children = (
				53255A8320003D9800C23EC4 /*  ToDo with CoreData */,
				53255A8220003D9800C23EC4 /* Products */,
			);
			sourceTree = "<group>";
		};
		53255A8220003D9800C23EC4 /* Products */ = {
			isa = PBXGroup;
			children = (
				53255A8120003D9800C23EC4 /*  CoreData.app */,
			);
			name = Products;
			sourceTree = "<group>";
		};
		53255A8320003D9800C23EC4 /*  ToDo with CoreData */ = {
			isa = PBXGroup;
			children = (
				533160BA200074360065A919 /* ToDo+CoreDataClass.swift */,
				533160BB200074360065A919 /* ToDo+CoreDataProperties.swift */,
				53255A8420003D9800C23EC4 /* AppDelegate.swift */,
				533160B8200070590065A919 /* CoreDataService.swift */,
				53255A8620003D9800C23EC4 /* ViewController.swift */,
				533160B62000553B0065A919 /* ToDoTableViewController.swift */,
				533160B4200055070065A919 /* AddToDoViewController.swift */,
				53255A8820003D9800C23EC4 /* Main.storyboard */,
				53255A8E20003D9800C23EC4 /* Assets.xcassets */,
				53255A9020003D9800C23EC4 /* LaunchScreen.storyboard */,
				53255A9320003D9800C23EC4 /* Info.plist */,
				53255A8B20003D9800C23EC4 /* _CoreData.xcdatamodeld */,
			);
			path = " ToDo with CoreData";
			sourceTree = "<group>";
		};
/* End PBXGroup section */

/* Begin PBXNativeTarget section */
		53255A8020003D9800C23EC4 /*  CoreData */ = {
			isa = PBXNativeTarget;
			buildConfigurationList = 53255A9620003D9800C23EC4 /* Build configuration list for PBXNativeTarget " CoreData" */;
			buildPhases = (
				53255A7D20003D9800C23EC4 /* Sources */,
				53255A7E20003D9800C23EC4 /* Frameworks */,
				53255A7F20003D9800C23EC4 /* Resources */,
			);
			buildRules = (
			);
			dependencies = (
			);
			name = " CoreData";
			productName = " CoreData";
			productReference = 53255A8120003D9800C23EC4 /*  CoreData.app */;
			productType = "com.apple.product-type.application";
		};
/* End PBXNativeTarget section */

/* Begin PBXProject section */
		53255A7920003D9800C23EC4 /* Project object */ = {
			isa = PBXProject;
			attributes = {
				LastSwiftUpdateCheck = 0920;
				LastUpgradeCheck = 0920;
				ORGANIZATIONNAME = GTTuts;
				TargetAttributes = {
					53255A8020003D9800C23EC4 = {
						CreatedOnToolsVersion = 9.2;
						ProvisioningStyle = Automatic;
					};
				};
			};
			buildConfigurationList = 53255A7C20003D9800C23EC4 /* Build configuration list for PBXProject " CoreData" */;
			compatibilityVersion = "Xcode 8.0";
			developmentRegion = en;
			hasScannedForEncodings = 0;
			knownRegions = (
				en,
				Base,
			);
			mainGroup = 53255A7820003D9800C23EC4;
			productRefGroup = 53255A8220003D9800C23EC4 /* Products */;
			projectDirPath = "";
			projectRoot = "";
			targets = (
				53255A8020003D9800C23EC4 /*  CoreData */,
			);
		};
/* End PBXProject section */

/* Begin PBXResourcesBuildPhase section */
		53255A7F20003D9800C23EC4 /* Resources */ = {
			isa = PBXResourcesBuildPhase;
			buildActionMask = 2147483647;
			files = (
				53255A9220003D9800C23EC4 /* LaunchScreen.storyboard in Resources */,
				53255A8F20003D9800C23EC4 /* Assets.xcassets in Resources */,
				53255A8A20003D9800C23EC4 /* Main.storyboard in Resources */,
			);
			runOnlyForDeploymentPostprocessing = 0;
		};
/* End PBXResourcesBuildPhase section */

/* Begin PBXSourcesBuildPhase section */
		53255A7D20003D9800C23EC4 /* Sources */ = {
			isa = PBXSourcesBuildPhase;
			buildActionMask = 2147483647;
			files = (
				533160B5200055070065A919 /* AddToDoViewController.swift in Sources */,
				533160BD200074360065A919 /* ToDo+CoreDataProperties.swift in Sources */,
				53255A8720003D9800C23EC4 /* ViewController.swift in Sources */,
				53255A8520003D9800C23EC4 /* AppDelegate.swift in Sources */,
				53255A8D20003D9800C23EC4 /* _CoreData.xcdatamodeld in Sources */,
				533160B9200070590065A919 /* CoreDataService.swift in Sources */,
				533160BC200074360065A919 /* ToDo+CoreDataClass.swift in Sources */,
				533160B72000553B0065A919 /* ToDoTableViewController.swift in Sources */,
			);
			runOnlyForDeploymentPostprocessing = 0;
		};
/* End PBXSourcesBuildPhase section */

/* Begin PBXVariantGroup section */
		53255A8820003D9800C23EC4 /* Main.storyboard */ = {
			isa = PBXVariantGroup;
			children = (
				53255A8920003D9800C23EC4 /* Base */,
			);
			name = Main.storyboard;
			sourceTree = "<group>";
		};
		53255A9020003D9800C23EC4 /* LaunchScreen.storyboard */ = {
			isa = PBXVariantGroup;
			children = (
				53255A9120003D9800C23EC4 /* Base */,
			);
			name = LaunchScreen.storyboard;
			sourceTree = "<group>";
		};
/* End PBXVariantGroup section */

/* Begin XCBuildConfiguration section */
		53255A9420003D9800C23EC4 /* Debug */ = {
			isa = XCBuildConfiguration;
			buildSettings = {
				ALWAYS_SEARCH_USER_PATHS = NO;
				CLANG_ANALYZER_NONNULL = YES;
				CLANG_ANALYZER_NUMBER_OBJECT_CONVERSION = YES_AGGRESSIVE;
				CLANG_CXX_LANGUAGE_STANDARD = "gnu++14";
				CLANG_CXX_LIBRARY = "libc++";
				CLANG_ENABLE_MODULES = YES;
				CLANG_ENABLE_OBJC_ARC = YES;
				CLANG_WARN_BLOCK_CAPTURE_AUTORELEASING = YES;
				CLANG_WARN_BOOL_CONVERSION = YES;
				CLANG_WARN_COMMA = YES;
				CLANG_WARN_CONSTANT_CONVERSION = YES;
				CLANG_WARN_DIRECT_OBJC_ISA_USAGE = YES_ERROR;
				CLANG_WARN_DOCUMENTATION_COMMENTS = YES;
				CLANG_WARN_EMPTY_BODY = YES;
				CLANG_WARN_ENUM_CONVERSION = YES;
				CLANG_WARN_INFINITE_RECURSION = YES;
				CLANG_WARN_INT_CONVERSION = YES;
				CLANG_WARN_NON_LITERAL_NULL_CONVERSION = YES;
				CLANG_WARN_OBJC_LITERAL_CONVERSION = YES;
				CLANG_WARN_OBJC_ROOT_CLASS = YES_ERROR;
				CLANG_WARN_RANGE_LOOP_ANALYSIS = YES;
				CLANG_WARN_STRICT_PROTOTYPES = YES;
				CLANG_WARN_SUSPICIOUS_MOVE = YES;
				CLANG_WARN_UNGUARDED_AVAILABILITY = YES_AGGRESSIVE;
				CLANG_WARN_UNREACHABLE_CODE = YES;
				CLANG_WARN__DUPLICATE_METHOD_MATCH = YES;
				CODE_SIGN_IDENTITY = "iPhone Developer";
				COPY_PHASE_STRIP = NO;
				DEBUG_INFORMATION_FORMAT = dwarf;
				ENABLE_STRICT_OBJC_MSGSEND = YES;
				ENABLE_TESTABILITY = YES;
				GCC_C_LANGUAGE_STANDARD = gnu11;
				GCC_DYNAMIC_NO_PIC = NO;
				GCC_NO_COMMON_BLOCKS = YES;
				GCC_OPTIMIZATION_LEVEL = 0;
				GCC_PREPROCESSOR_DEFINITIONS = (
					"DEBUG=1",
					"$(inherited)",
				);
				GCC_WARN_64_TO_32_BIT_CONVERSION = YES;
				GCC_WARN_ABOUT_RETURN_TYPE = YES_ERROR;
				GCC_WARN_UNDECLARED_SELECTOR = YES;
				GCC_WARN_UNINITIALIZED_AUTOS = YES_AGGRESSIVE;
				GCC_WARN_UNUSED_FUNCTION = YES;
				GCC_WARN_UNUSED_VARIABLE = YES;
				IPHONEOS_DEPLOYMENT_TARGET = 11.2;
				MTL_ENABLE_DEBUG_INFO = YES;
				ONLY_ACTIVE_ARCH = YES;
				SDKROOT = iphoneos;
				SWIFT_ACTIVE_COMPILATION_CONDITIONS = DEBUG;
				SWIFT_OPTIMIZATION_LEVEL = "-Onone";
			};
			name = Debug;
		};
		53255A9520003D9800C23EC4 /* Release */ = {
			isa = XCBuildConfiguration;
			buildSettings = {
				ALWAYS_SEARCH_USER_PATHS = NO;
				CLANG_ANALYZER_NONNULL = YES;
				CLANG_ANALYZER_NUMBER_OBJECT_CONVERSION = YES_AGGRESSIVE;
				CLANG_CXX_LANGUAGE_STANDARD = "gnu++14";
				CLANG_CXX_LIBRARY = "libc++";
				CLANG_ENABLE_MODULES = YES;
				CLANG_ENABLE_OBJC_ARC = YES;
				CLANG_WARN_BLOCK_CAPTURE_AUTORELEASING = YES;
				CLANG_WARN_BOOL_CONVERSION = YES;
				CLANG_WARN_COMMA = YES;
				CLANG_WARN_CONSTANT_CONVERSION = YES;
				CLANG_WARN_DIRECT_OBJC_ISA_USAGE = YES_ERROR;
				CLANG_WARN_DOCUMENTATION_COMMENTS = YES;
				CLANG_WARN_EMPTY_BODY = YES;
				CLANG_WARN_ENUM_CONVERSION = YES;
				CLANG_WARN_INFINITE_RECURSION = YES;
				CLANG_WARN_INT_CONVERSION = YES;
				CLANG_WARN_NON_LITERAL_NULL_CONVERSION = YES;
				CLANG_WARN_OBJC_LITERAL_CONVERSION = YES;
				CLANG_WARN_OBJC_ROOT_CLASS = YES_ERROR;
				CLANG_WARN_RANGE_LOOP_ANALYSIS = YES;
				CLANG_WARN_STRICT_PROTOTYPES = YES;
				CLANG_WARN_SUSPICIOUS_MOVE = YES;
				CLANG_WARN_UNGUARDED_AVAILABILITY = YES_AGGRESSIVE;
				CLANG_WARN_UNREACHABLE_CODE = YES;
				CLANG_WARN__DUPLICATE_METHOD_MATCH = YES;
				CODE_SIGN_IDENTITY = "iPhone Developer";
				COPY_PHASE_STRIP = NO;
				DEBUG_INFORMATION_FORMAT = "dwarf-with-dsym";
				ENABLE_NS_ASSERTIONS = NO;
				ENABLE_STRICT_OBJC_MSGSEND = YES;
				GCC_C_LANGUAGE_STANDARD = gnu11;
				GCC_NO_COMMON_BLOCKS = YES;
				GCC_WARN_64_TO_32_BIT_CONVERSION = YES;
				GCC_WARN_ABOUT_RETURN_TYPE = YES_ERROR;
				GCC_WARN_UNDECLARED_SELECTOR = YES;
				GCC_WARN_UNINITIALIZED_AUTOS = YES_AGGRESSIVE;
				GCC_WARN_UNUSED_FUNCTION = YES;
				GCC_WARN_UNUSED_VARIABLE = YES;
				IPHONEOS_DEPLOYMENT_TARGET = 11.2;
				MTL_ENABLE_DEBUG_INFO = NO;
				SDKROOT = iphoneos;
				SWIFT_OPTIMIZATION_LEVEL = "-Owholemodule";
				VALIDATE_PRODUCT = YES;
			};
			name = Release;
		};
		53255A9720003D9800C23EC4 /* Debug */ = {
			isa = XCBuildConfiguration;
			buildSettings = {
				ASSETCATALOG_COMPILER_APPICON_NAME = AppIcon;
				CODE_SIGN_STYLE = Automatic;
				INFOPLIST_FILE = "$(SRCROOT)/ ToDo with CoreData/Info.plist";
				LD_RUNPATH_SEARCH_PATHS = "$(inherited) @executable_path/Frameworks";
				PRODUCT_BUNDLE_IDENTIFIER = "com.GTTuts.-CoreData";
				PRODUCT_NAME = "$(TARGET_NAME)";
				SWIFT_VERSION = 4.0;
				TARGETED_DEVICE_FAMILY = "1,2";
			};
			name = Debug;
		};
		53255A9820003D9800C23EC4 /* Release */ = {
			isa = XCBuildConfiguration;
			buildSettings = {
				ASSETCATALOG_COMPILER_APPICON_NAME = AppIcon;
				CODE_SIGN_STYLE = Automatic;
				INFOPLIST_FILE = "$(SRCROOT)/ ToDo with CoreData/Info.plist";
				LD_RUNPATH_SEARCH_PATHS = "$(inherited) @executable_path/Frameworks";
				PRODUCT_BUNDLE_IDENTIFIER = "com.GTTuts.-CoreData";
				PRODUCT_NAME = "$(TARGET_NAME)";
				SWIFT_VERSION = 4.0;
				TARGETED_DEVICE_FAMILY = "1,2";
			};
			name = Release;
		};
/* End XCBuildConfiguration section */

/* Begin XCConfigurationList section */
		53255A7C20003D9800C23EC4 /* Build configuration list for PBXProject " CoreData" */ = {
			isa = XCConfigurationList;
			buildConfigurations = (
				53255A9420003D9800C23EC4 /* Debug */,
				53255A9520003D9800C23EC4 /* Release */,
			);
			defaultConfigurationIsVisible = 0;
			defaultConfigurationName = Release;
		};
		53255A9620003D9800C23EC4 /* Build configuration list for PBXNativeTarget " CoreData" */ = {
			isa = XCConfigurationList;
			buildConfigurations = (
				53255A9720003D9800C23EC4 /* Debug */,
				53255A9820003D9800C23EC4 /* Release */,
			);
			defaultConfigurationIsVisible = 0;
			defaultConfigurationName = Release;
		};
/* End XCConfigurationList section */

/* Begin XCVersionGroup section */
		53255A8B20003D9800C23EC4 /* _CoreData.xcdatamodeld */ = {
			isa = XCVersionGroup;
			children = (
				53255A8C20003D9800C23EC4 /* _CoreData.xcdatamodel */,
			);
			currentVersion = 53255A8C20003D9800C23EC4 /* _CoreData.xcdatamodel */;
			path = _CoreData.xcdatamodeld;
			sourceTree = "<group>";
			versionGroupType = wrapper.xcdatamodel;
		};
/* End XCVersionGroup section */
	};
	rootObject = 53255A7920003D9800C23EC4 /* Project object */;
}
